
Microsoft Visual Studio Solution File, Format Version 12.00
# Visual Studio Version 17
VisualStudioVersion = 17.5.33516.290
MinimumVisualStudioVersion = 10.0.40219.1
Project("{9A19103F-16F7-4668-BE54-9A1E7A4F7556}") = "TIMVisor", "TIMVisor\TIMVisor.csproj", "{A47B3B64-21F5-491F-994F-5FD55DB7CF44}"
EndProject
Project("{2150E333-8FDC-42A3-9474-1A3956D46DE8}") = "Solution Items", "Solution Items", "{775C06EA-2BF9-4333-9EE3-A03C3DE442F5}"
	ProjectSection(SolutionItems) = preProject
		.editorconfig = .editorconfig
	EndProjectSection
EndProject
Global
	GlobalSection(SolutionConfigurationPlatforms) = preSolution
		Debug|Any CPU = Debug|Any CPU
		Release|Any CPU = Release|Any CPU
	EndGlobalSection
	GlobalSection(ProjectConfigurationPlatforms) = postSolution
		{A47B3B64-21F5-491F-994F-5FD55DB7CF44}.Debug|Any CPU.ActiveCfg = Debug|Any CPU
		{A47B3B64-21F5-491F-994F-5FD55DB7CF44}.Debug|Any CPU.Build.0 = Debug|Any CPU
		{A47B3B64-21F5-491F-994F-5FD55DB7CF44}.Release|Any CPU.ActiveCfg = Release|Any CPU
		{A47B3B64-21F5-491F-994F-5FD55DB7CF44}.Release|Any CPU.Build.0 = Release|Any CPU
	EndGlobalSection
	GlobalSection(SolutionProperties) = preSolution
		HideSolutionNode = FALSE
	EndGlobalSection
	GlobalSection(ExtensibilityGlobals) = postSolution
		SolutionGuid = {8120FC99-D914-418C-AD05-D1B0469823A5}
	EndGlobalSection
EndGlobal
